
Microsoft Visual Studio Solution File, Format Version 12.00
# Visual Studio Version 16
VisualStudioVersion = 16.0.30114.105
MinimumVisualStudioVersion = 10.0.40219.1
Project("{FAE04EC0-301F-11D3-BF4B-00C04F79EFBC}") = "API", "API\API.csproj", "{5959940A-4CB5-476A-89C5-2E882F372B72}"
EndProject
Project("{FAE04EC0-301F-11D3-BF4B-00C04F79EFBC}") = "Application", "Application\Application.csproj", "{1B099DF3-16C5-422E-AB6A-1852F94DC837}"
EndProject
Project("{FAE04EC0-301F-11D3-BF4B-00C04F79EFBC}") = "Persistence", "Persistence\Persistence.csproj", "{75307335-E1FD-48FC-AF14-E82920DD9560}"
EndProject
Project("{FAE04EC0-301F-11D3-BF4B-00C04F79EFBC}") = "Domain", "Domain\Domain.csproj", "{0083FB8D-5CC9-4DC2-A666-66CFAC01ACAA}"
EndProject
Project("{FAE04EC0-301F-11D3-BF4B-00C04F79EFBC}") = "Infrastructure", "Infrastructure\Infrastructure.csproj", "{939ABDEF-ED9B-4755-AB5C-D3CB3081CE08}"
EndProject
Global
	GlobalSection(SolutionConfigurationPlatforms) = preSolution
		Debug|Any CPU = Debug|Any CPU
		Release|Any CPU = Release|Any CPU
	EndGlobalSection
	GlobalSection(SolutionProperties) = preSolution
		HideSolutionNode = FALSE
	EndGlobalSection
	GlobalSection(ProjectConfigurationPlatforms) = postSolution
		{5959940A-4CB5-476A-89C5-2E882F372B72}.Debug|Any CPU.ActiveCfg = Debug|Any CPU
		{5959940A-4CB5-476A-89C5-2E882F372B72}.Debug|Any CPU.Build.0 = Debug|Any CPU
		{5959940A-4CB5-476A-89C5-2E882F372B72}.Release|Any CPU.ActiveCfg = Release|Any CPU
		{5959940A-4CB5-476A-89C5-2E882F372B72}.Release|Any CPU.Build.0 = Release|Any CPU
		{1B099DF3-16C5-422E-AB6A-1852F94DC837}.Debug|Any CPU.ActiveCfg = Debug|Any CPU
		{1B099DF3-16C5-422E-AB6A-1852F94DC837}.Debug|Any CPU.Build.0 = Debug|Any CPU
		{1B099DF3-16C5-422E-AB6A-1852F94DC837}.Release|Any CPU.ActiveCfg = Release|Any CPU
		{1B099DF3-16C5-422E-AB6A-1852F94DC837}.Release|Any CPU.Build.0 = Release|Any CPU
		{75307335-E1FD-48FC-AF14-E82920DD9560}.Debug|Any CPU.ActiveCfg = Debug|Any CPU
		{75307335-E1FD-48FC-AF14-E82920DD9560}.Debug|Any CPU.Build.0 = Debug|Any CPU
		{75307335-E1FD-48FC-AF14-E82920DD9560}.Release|Any CPU.ActiveCfg = Release|Any CPU
		{75307335-E1FD-48FC-AF14-E82920DD9560}.Release|Any CPU.Build.0 = Release|Any CPU
		{0083FB8D-5CC9-4DC2-A666-66CFAC01ACAA}.Debug|Any CPU.ActiveCfg = Debug|Any CPU
		{0083FB8D-5CC9-4DC2-A666-66CFAC01ACAA}.Debug|Any CPU.Build.0 = Debug|Any CPU
		{0083FB8D-5CC9-4DC2-A666-66CFAC01ACAA}.Release|Any CPU.ActiveCfg = Release|Any CPU
		{0083FB8D-5CC9-4DC2-A666-66CFAC01ACAA}.Release|Any CPU.Build.0 = Release|Any CPU
		{939ABDEF-ED9B-4755-AB5C-D3CB3081CE08}.Debug|Any CPU.ActiveCfg = Debug|Any CPU
		{939ABDEF-ED9B-4755-AB5C-D3CB3081CE08}.Debug|Any CPU.Build.0 = Debug|Any CPU
		{939ABDEF-ED9B-4755-AB5C-D3CB3081CE08}.Release|Any CPU.ActiveCfg = Release|Any CPU
		{939ABDEF-ED9B-4755-AB5C-D3CB3081CE08}.Release|Any CPU.Build.0 = Release|Any CPU
	EndGlobalSection
EndGlobal
